{
  "name": "financecheck",
  "lockfileVersion": 3,
  "requires": true,
  "packages": {
    "": {
      "devDependencies": {
        "baseline-browser-mapping": "^2.9.6"
      }
    },
    "node_modules/baseline-browser-mapping": {
      "version": "2.9.6",
      "resolved": "https://registry.npmjs.org/baseline-browser-mapping/-/baseline-browser-mapping-2.9.6.tgz",
      "integrity": "sha512-v9BVVpOTLB59C9E7aSnmIF8h7qRsFpx+A2nugVMTszEOMcfjlZMsXRm4LF23I3Z9AJxc8ANpIvzbzONoX9VJlg==",
      "dev": true,
      "license": "Apache-2.0",
      "bin": {
        "baseline-browser-mapping": "dist/cli.js"
      }
    }
  }
}
